{
    "_readme": [
        "This file locks the dependencies of your project to a known state",
        "Read more about it at https://getcomposer.org/doc/01-basic-usage.md#composer-lock-the-lock-file",
        "This file is @generated automatically"
    ],
    "hash": "312f7db04094cfd92638d361503a73aa",
    "packages": [
        {
            "name": "electrolinux/phpquery",
            "version": "dev-master",
            "source": {
                "type": "git",
                "url": "https://github.com/electrolinux/phpquery.git",
                "reference": "aa09e7af2e8d9a965102cf50d9b657aca96fd013"
            },
            "dist": {
                "type": "zip",
                "url": "https://api.github.com/repos/electrolinux/phpquery/zipball/aa09e7af2e8d9a965102cf50d9b657aca96fd013",
                "reference": "aa09e7af2e8d9a965102cf50d9b657aca96fd013",
                "shasum": ""
            },
            "type": "library",
            "autoload": {
                "classmap": [
                    "phpQuery/"
                ]
            },
            "notification-url": "https://packagist.org/downloads/",
            "license": [
                "MIT"
            ],
            "authors": [
                {
                    "name": "Tobiasz Cudnik",
                    "email": "tobiasz.cudnik@gmail.com",
                    "homepage": "https://github.com/TobiaszCudnik",
                    "role": "Developer"
                },
                {
                    "name": "didier Belot",
                    "role": "Packager"
                }
            ],
            "description": "phpQuery is a server-side, chainable, CSS3 selector driven Document Object Model (DOM) API based on jQuery JavaScript Library",
            "homepage": "http://code.google.com/p/phpquery/",
            "time": "2014-08-08 09:03:54"
        },
        {
            "name": "yunait/forceutf8",
            "version": "dev-master",
            "source": {
                "type": "git",
                "url": "https://github.com/yunait/forceutf8.git",
                "reference": "0843a23bafbb24c0f4f5299af287cc7857f37bc3"
            },
            "dist": {
                "type": "zip",
                "url": "https://api.github.com/repos/yunait/forceutf8/zipball/0843a23bafbb24c0f4f5299af287cc7857f37bc3",
                "reference": "0843a23bafbb24c0f4f5299af287cc7857f37bc3",
                "shasum": ""
            },
            "require": {
                "php": ">=5.2.0"
            },
            "type": "library",
            "autoload": {
                "psr-0": {
                    "ForceUTF8\\": "src/"
                }
            },
            "notification-url": "https://packagist.org/downloads/",
            "authors": [
                {
                    "name": "Sebastián Grignoli",
                    "email": "grignoli@gmail.com"
                }
            ],
            "description": "PHP Class Encoding featuring popular Encoding::toUTF8() function --formerly known as forceUTF8()-- that fixes mixed encoded strings.",
            "homepage": "https://github.com/yunait/forceutf8",
            "time": "2013-02-19 08:51:33"
        }
    ],
    "packages-dev": [],
    "aliases": [],
    "minimum-stability": "stable",
    "stability-flags": {
        "electrolinux/phpquery": 20,
        "yunait/forceutf8": 20
    },
    "prefer-stable": false,
    "prefer-lowest": false,
    "platform": [],
    "platform-dev": []
}
